
Microsoft Visual Studio Solution File, Format Version 12.00
# Visual Studio Version 16
VisualStudioVersion = 16.0.31205.134
MinimumVisualStudioVersion = 10.0.40219.1
Project("{FAE04EC0-301F-11D3-BF4B-00C04F79EFBC}") = "GroupProjectV4", "GroupProjectV4\GroupProjectV4.csproj", "{DAFF7A56-7A5A-44E2-883F-DCEB008A5C7B}"
EndProject
Global
	GlobalSection(SolutionConfigurationPlatforms) = preSolution
		Debug|Any CPU = Debug|Any CPU
		Release|Any CPU = Release|Any CPU
	EndGlobalSection
	GlobalSection(ProjectConfigurationPlatforms) = postSolution
		{DAFF7A56-7A5A-44E2-883F-DCEB008A5C7B}.Debug|Any CPU.ActiveCfg = Debug|Any CPU
		{DAFF7A56-7A5A-44E2-883F-DCEB008A5C7B}.Debug|Any CPU.Build.0 = Debug|Any CPU
		{DAFF7A56-7A5A-44E2-883F-DCEB008A5C7B}.Release|Any CPU.ActiveCfg = Release|Any CPU
		{DAFF7A56-7A5A-44E2-883F-DCEB008A5C7B}.Release|Any CPU.Build.0 = Release|Any CPU
	EndGlobalSection
	GlobalSection(SolutionProperties) = preSolution
		HideSolutionNode = FALSE
	EndGlobalSection
	GlobalSection(ExtensibilityGlobals) = postSolution
		SolutionGuid = {B9D65A80-BCE8-4B4B-9A1A-C58B0E4A2D8B}
	EndGlobalSection
EndGlobal
